
Microsoft Visual Studio Solution File, Format Version 12.00
# Visual Studio Version 16
VisualStudioVersion = 16.0.29905.134
MinimumVisualStudioVersion = 10.0.40219.1
Project("{FAE04EC0-301F-11D3-BF4B-00C04F79EFBC}") = "ClassesPractice", "ClassesPractice\ClassesPractice.csproj", "{76735D04-8BEA-4FFE-BE09-FEDAF9B00064}"
EndProject
Global
	GlobalSection(SolutionConfigurationPlatforms) = preSolution
		Debug|Any CPU = Debug|Any CPU
		Release|Any CPU = Release|Any CPU
	EndGlobalSection
	GlobalSection(ProjectConfigurationPlatforms) = postSolution
		{76735D04-8BEA-4FFE-BE09-FEDAF9B00064}.Debug|Any CPU.ActiveCfg = Debug|Any CPU
		{76735D04-8BEA-4FFE-BE09-FEDAF9B00064}.Debug|Any CPU.Build.0 = Debug|Any CPU
		{76735D04-8BEA-4FFE-BE09-FEDAF9B00064}.Release|Any CPU.ActiveCfg = Release|Any CPU
		{76735D04-8BEA-4FFE-BE09-FEDAF9B00064}.Release|Any CPU.Build.0 = Release|Any CPU
	EndGlobalSection
	GlobalSection(SolutionProperties) = preSolution
		HideSolutionNode = FALSE
	EndGlobalSection
	GlobalSection(ExtensibilityGlobals) = postSolution
		SolutionGuid = {5E19CD3A-55FA-4E1F-B23A-D16AD4EA7938}
	EndGlobalSection
EndGlobal
